// !$*UTF8*$!
{
	archiveVersion = 1;
	classes = {
	};
	objectVersion = 46;
	objects = {

/* Begin PBXBuildFile section */
		045FF4651E00E69D00572377 /* AppDelegate.swift in Sources */ = {isa = PBXBuildFile; fileRef = 045FF4641E00E69D00572377 /* AppDelegate.swift */; };
		045FF4671E00E69D00572377 /* ViewController.swift in Sources */ = {isa = PBXBuildFile; fileRef = 045FF4661E00E69D00572377 /* ViewController.swift */; };
		045FF46A1E00E69D00572377 /* Main.storyboard in Resources */ = {isa = PBXBuildFile; fileRef = 045FF4681E00E69D00572377 /* Main.storyboard */; };
		045FF46C1E00E69D00572377 /* Assets.xcassets in Resources */ = {isa = PBXBuildFile; fileRef = 045FF46B1E00E69D00572377 /* Assets.xcassets */; };
		045FF46F1E00E69D00572377 /* LaunchScreen.storyboard in Resources */ = {isa = PBXBuildFile; fileRef = 045FF46D1E00E69D00572377 /* LaunchScreen.storyboard */; };
		045FF47A1E00E69D00572377 /* TestWebViewTests.swift in Sources */ = {isa = PBXBuildFile; fileRef = 045FF4791E00E69D00572377 /* TestWebViewTests.swift */; };
		045FF4851E00E69D00572377 /* TestWebViewUITests.swift in Sources */ = {isa = PBXBuildFile; fileRef = 045FF4841E00E69D00572377 /* TestWebViewUITests.swift */; };
		045FF4941E00E6C600572377 /* WebKit.framework in Frameworks */ = {isa = PBXBuildFile; fileRef = 045FF4931E00E6C600572377 /* WebKit.framework */; };
/* End PBXBuildFile section */

/* Begin PBXContainerItemProxy section */
		045FF4761E00E69D00572377 /* PBXContainerItemProxy */ = {
			isa = PBXContainerItemProxy;
			containerPortal = 045FF4591E00E69D00572377 /* Project object */;
			proxyType = 1;
			remoteGlobalIDString = 045FF4601E00E69D00572377;
			remoteInfo = TestWebView;
		};
		045FF4811E00E69D00572377 /* PBXContainerItemProxy */ = {
			isa = PBXContainerItemProxy;
			containerPortal = 045FF4591E00E69D00572377 /* Project object */;
			proxyType = 1;
			remoteGlobalIDString = 045FF4601E00E69D00572377;
			remoteInfo = TestWebView;
		};
/* End PBXContainerItemProxy section */

/* Begin PBXFileReference section */
		045FF4611E00E69D00572377 /* TestWebView.app */ = {isa = PBXFileReference; explicitFileType = wrapper.application; includeInIndex = 0; path = TestWebView.app; sourceTree = BUILT_PRODUCTS_DIR; };
		045FF4641E00E69D00572377 /* AppDelegate.swift */ = {isa = PBXFileReference; lastKnownFileType = sourcecode.swift; path = AppDelegate.swift; sourceTree = "<group>"; };
		045FF4661E00E69D00572377 /* ViewController.swift */ = {isa = PBXFileReference; lastKnownFileType = sourcecode.swift; path = ViewController.swift; sourceTree = "<group>"; };
		045FF4691E00E69D00572377 /* Base */ = {isa = PBXFileReference; lastKnownFileType = file.storyboard; name = Base; path = Base.lproj/Main.storyboard; sourceTree = "<group>"; };
		045FF46B1E00E69D00572377 /* Assets.xcassets */ = {isa = PBXFileReference; lastKnownFileType = folder.assetcatalog; path = Assets.xcassets; sourceTree = "<group>"; };
		045FF46E1E00E69D00572377 /* Base */ = {isa = PBXFileReference; lastKnownFileType = file.storyboard; name = Base; path = Base.lproj/LaunchScreen.storyboard; sourceTree = "<group>"; };
		045FF4701E00E69D00572377 /* Info.plist */ = {isa = PBXFileReference; lastKnownFileType = text.plist.xml; path = Info.plist; sourceTree = "<group>"; };
		045FF4751E00E69D00572377 /* TestWebViewTests.xctest */ = {isa = PBXFileReference; explicitFileType = wrapper.cfbundle; includeInIndex = 0; path = TestWebViewTests.xctest; sourceTree = BUILT_PRODUCTS_DIR; };
		045FF4791E00E69D00572377 /* TestWebViewTests.swift */ = {isa = PBXFileReference; lastKnownFileType = sourcecode.swift; path = TestWebViewTests.swift; sourceTree = "<group>"; };
		045FF47B1E00E69D00572377 /* Info.plist */ = {isa = PBXFileReference; lastKnownFileType = text.plist.xml; path = Info.plist; sourceTree = "<group>"; };
		045FF4801E00E69D00572377 /* TestWebViewUITests.xctest */ = {isa = PBXFileReference; explicitFileType = wrapper.cfbundle; includeInIndex = 0; path = TestWebViewUITests.xctest; sourceTree = BUILT_PRODUCTS_DIR; };
		045FF4841E00E69D00572377 /* TestWebViewUITests.swift */ = {isa = PBXFileReference; lastKnownFileType = sourcecode.swift; path = TestWebViewUITests.swift; sourceTree = "<group>"; };
		045FF4861E00E69D00572377 /* Info.plist */ = {isa = PBXFileReference; lastKnownFileType = text.plist.xml; path = Info.plist; sourceTree = "<group>"; };
		045FF4931E00E6C600572377 /* WebKit.framework */ = {isa = PBXFileReference; lastKnownFileType = wrapper.framework; name = WebKit.framework; path = System/Library/Frameworks/WebKit.framework; sourceTree = SDKROOT; };
/* End PBXFileReference section */

/* Begin PBXFrameworksBuildPhase section */
		045FF45E1E00E69D00572377 /* Frameworks */ = {
			isa = PBXFrameworksBuildPhase;
			buildActionMask = 2147483647;
			files = (
				045FF4941E00E6C600572377 /* WebKit.framework in Frameworks */,
			);
			runOnlyForDeploymentPostprocessing = 0;
		};
		045FF4721E00E69D00572377 /* Frameworks */ = {
			isa = PBXFrameworksBuildPhase;
			buildActionMask = 2147483647;
			files = (
			);
			runOnlyForDeploymentPostprocessing = 0;
		};
		045FF47D1E00E69D00572377 /* Frameworks */ = {
			isa = PBXFrameworksBuildPhase;
			buildActionMask = 2147483647;
			files = (
			);
			runOnlyForDeploymentPostprocessing = 0;
		};
/* End PBXFrameworksBuildPhase section */

/* Begin PBXGroup section */
		045FF4581E00E69D00572377 = {
			isa = PBXGroup;
			children = (
				045FF4631E00E69D00572377 /* TestWebView */,
				045FF4781E00E69D00572377 /* TestWebViewTests */,
				045FF4831E00E69D00572377 /* TestWebViewUITests */,
				045FF4621E00E69D00572377 /* Products */,
				045FF4921E00E6C600572377 /* Frameworks */,
			);
			sourceTree = "<group>";
		};
		045FF4621E00E69D00572377 /* Products */ = {
			isa = PBXGroup;
			children = (
				045FF4611E00E69D00572377 /* TestWebView.app */,
				045FF4751E00E69D00572377 /* TestWebViewTests.xctest */,
				045FF4801E00E69D00572377 /* TestWebViewUITests.xctest */,
			);
			name = Products;
			sourceTree = "<group>";
		};
		045FF4631E00E69D00572377 /* TestWebView */ = {
			isa = PBXGroup;
			children = (
				045FF4641E00E69D00572377 /* AppDelegate.swift */,
				045FF4661E00E69D00572377 /* ViewController.swift */,
				045FF4681E00E69D00572377 /* Main.storyboard */,
				045FF46B1E00E69D00572377 /* Assets.xcassets */,
				045FF46D1E00E69D00572377 /* LaunchScreen.storyboard */,
				045FF4701E00E69D00572377 /* Info.plist */,
			);
			path = TestWebView;
			sourceTree = "<group>";
		};
		045FF4781E00E69D00572377 /* TestWebViewTests */ = {
			isa = PBXGroup;
			children = (
				045FF4791E00E69D00572377 /* TestWebViewTests.swift */,
				045FF47B1E00E69D00572377 /* Info.plist */,
			);
			path = TestWebViewTests;
			sourceTree = "<group>";
		};
		045FF4831E00E69D00572377 /* TestWebViewUITests */ = {
			isa = PBXGroup;
			children = (
				045FF4841E00E69D00572377 /* TestWebViewUITests.swift */,
				045FF4861E00E69D00572377 /* Info.plist */,
			);
			path = TestWebViewUITests;
			sourceTree = "<group>";
		};
		045FF4921E00E6C600572377 /* Frameworks */ = {
			isa = PBXGroup;
			children = (
				045FF4931E00E6C600572377 /* WebKit.framework */,
			);
			name = Frameworks;
			sourceTree = "<group>";
		};
/* End PBXGroup section */

/* Begin PBXNativeTarget section */
		045FF4601E00E69D00572377 /* TestWebView */ = {
			isa = PBXNativeTarget;
			buildConfigurationList = 045FF4891E00E69D00572377 /* Build configuration list for PBXNativeTarget "TestWebView" */;
			buildPhases = (
				045FF45D1E00E69D00572377 /* Sources */,
				045FF45E1E00E69D00572377 /* Frameworks */,
				045FF45F1E00E69D00572377 /* Resources */,
			);
			buildRules = (
			);
			dependencies = (
			);
			name = TestWebView;
			productName = TestWebView;
			productReference = 045FF4611E00E69D00572377 /* TestWebView.app */;
			productType = "com.apple.product-type.application";
		};
		045FF4741E00E69D00572377 /* TestWebViewTests */ = {
			isa = PBXNativeTarget;
			buildConfigurationList = 045FF48C1E00E69D00572377 /* Build configuration list for PBXNativeTarget "TestWebViewTests" */;
			buildPhases = (
				045FF4711E00E69D00572377 /* Sources */,
				045FF4721E00E69D00572377 /* Frameworks */,
				045FF4731E00E69D00572377 /* Resources */,
			);
			buildRules = (
			);
			dependencies = (
				045FF4771E00E69D00572377 /* PBXTargetDependency */,
			);
			name = TestWebViewTests;
			productName = TestWebViewTests;
			productReference = 045FF4751E00E69D00572377 /* TestWebViewTests.xctest */;
			productType = "com.apple.product-type.bundle.unit-test";
		};
		045FF47F1E00E69D00572377 /* TestWebViewUITests */ = {
			isa = PBXNativeTarget;
			buildConfigurationList = 045FF48F1E00E69D00572377 /* Build configuration list for PBXNativeTarget "TestWebViewUITests" */;
			buildPhases = (
				045FF47C1E00E69D00572377 /* Sources */,
				045FF47D1E00E69D00572377 /* Frameworks */,
				045FF47E1E00E69D00572377 /* Resources */,
			);
			buildRules = (
			);
			dependencies = (
				045FF4821E00E69D00572377 /* PBXTargetDependency */,
			);
			name = TestWebViewUITests;
			productName = TestWebViewUITests;
			productReference = 045FF4801E00E69D00572377 /* TestWebViewUITests.xctest */;
			productType = "com.apple.product-type.bundle.ui-testing";
		};
/* End PBXNativeTarget section */

/* Begin PBXProject section */
		045FF4591E00E69D00572377 /* Project object */ = {
			isa = PBXProject;
			attributes = {
				LastSwiftUpdateCheck = 0810;
				LastUpgradeCheck = 0810;
				ORGANIZATIONNAME = "American air";
				TargetAttributes = {
					045FF4601E00E69D00572377 = {
						CreatedOnToolsVersion = 8.1;
						ProvisioningStyle = Automatic;
					};
					045FF4741E00E69D00572377 = {
						CreatedOnToolsVersion = 8.1;
						ProvisioningStyle = Automatic;
						TestTargetID = 045FF4601E00E69D00572377;
					};
					045FF47F1E00E69D00572377 = {
						CreatedOnToolsVersion = 8.1;
						ProvisioningStyle = Automatic;
						TestTargetID = 045FF4601E00E69D00572377;
					};
				};
			};
			buildConfigurationList = 045FF45C1E00E69D00572377 /* Build configuration list for PBXProject "TestWebView" */;
			compatibilityVersion = "Xcode 3.2";
			developmentRegion = English;
			hasScannedForEncodings = 0;
			knownRegions = (
				en,
				Base,
			);
			mainGroup = 045FF4581E00E69D00572377;
			productRefGroup = 045FF4621E00E69D00572377 /* Products */;
			projectDirPath = "";
			projectRoot = "";
			targets = (
				045FF4601E00E69D00572377 /* TestWebView */,
				045FF4741E00E69D00572377 /* TestWebViewTests */,
				045FF47F1E00E69D00572377 /* TestWebViewUITests */,
			);
		};
/* End PBXProject section */

/* Begin PBXResourcesBuildPhase section */
		045FF45F1E00E69D00572377 /* Resources */ = {
			isa = PBXResourcesBuildPhase;
			buildActionMask = 2147483647;
			files = (
				045FF46F1E00E69D00572377 /* LaunchScreen.storyboard in Resources */,
				045FF46C1E00E69D00572377 /* Assets.xcassets in Resources */,
				045FF46A1E00E69D00572377 /* Main.storyboard in Resources */,
			);
			runOnlyForDeploymentPostprocessing = 0;
		};
		045FF4731E00E69D00572377 /* Resources */ = {
			isa = PBXResourcesBuildPhase;
			buildActionMask = 2147483647;
			files = (
			);
			runOnlyForDeploymentPostprocessing = 0;
		};
		045FF47E1E00E69D00572377 /* Resources */ = {
			isa = PBXResourcesBuildPhase;
			buildActionMask = 2147483647;
			files = (
			);
			runOnlyForDeploymentPostprocessing = 0;
		};
/* End PBXResourcesBuildPhase section */

/* Begin PBXSourcesBuildPhase section */
		045FF45D1E00E69D00572377 /* Sources */ = {
			isa = PBXSourcesBuildPhase;
			buildActionMask = 2147483647;
			files = (
				045FF4671E00E69D00572377 /* ViewController.swift in Sources */,
				045FF4651E00E69D00572377 /* AppDelegate.swift in Sources */,
			);
			runOnlyForDeploymentPostprocessing = 0;
		};
		045FF4711E00E69D00572377 /* Sources */ = {
			isa = PBXSourcesBuildPhase;
			buildActionMask = 2147483647;
			files = (
				045FF47A1E00E69D00572377 /* TestWebViewTests.swift in Sources */,
			);
			runOnlyForDeploymentPostprocessing = 0;
		};
		045FF47C1E00E69D00572377 /* Sources */ = {
			isa = PBXSourcesBuildPhase;
			buildActionMask = 2147483647;
			files = (
				045FF4851E00E69D00572377 /* TestWebViewUITests.swift in Sources */,
			);
			runOnlyForDeploymentPostprocessing = 0;
		};
/* End PBXSourcesBuildPhase section */

/* Begin PBXTargetDependency section */
		045FF4771E00E69D00572377 /* PBXTargetDependency */ = {
			isa = PBXTargetDependency;
			target = 045FF4601E00E69D00572377 /* TestWebView */;
			targetProxy = 045FF4761E00E69D00572377 /* PBXContainerItemProxy */;
		};
		045FF4821E00E69D00572377 /* PBXTargetDependency */ = {
			isa = PBXTargetDependency;
			target = 045FF4601E00E69D00572377 /* TestWebView */;
			targetProxy = 045FF4811E00E69D00572377 /* PBXContainerItemProxy */;
		};
/* End PBXTargetDependency section */

/* Begin PBXVariantGroup section */
		045FF4681E00E69D00572377 /* Main.storyboard */ = {
			isa = PBXVariantGroup;
			children = (
				045FF4691E00E69D00572377 /* Base */,
			);
			name = Main.storyboard;
			sourceTree = "<group>";
		};
		045FF46D1E00E69D00572377 /* LaunchScreen.storyboard */ = {
			isa = PBXVariantGroup;
			children = (
				045FF46E1E00E69D00572377 /* Base */,
			);
			name = LaunchScreen.storyboard;
			sourceTree = "<group>";
		};
/* End PBXVariantGroup section */

/* Begin XCBuildConfiguration section */
		045FF4871E00E69D00572377 /* Debug */ = {
			isa = XCBuildConfiguration;
			buildSettings = {
				ALWAYS_SEARCH_USER_PATHS = NO;
				CLANG_ANALYZER_NONNULL = YES;
				CLANG_CXX_LANGUAGE_STANDARD = "gnu++0x";
				CLANG_CXX_LIBRARY = "libc++";
				CLANG_ENABLE_MODULES = YES;
				CLANG_ENABLE_OBJC_ARC = YES;
				CLANG_WARN_BOOL_CONVERSION = YES;
				CLANG_WARN_CONSTANT_CONVERSION = YES;
				CLANG_WARN_DIRECT_OBJC_ISA_USAGE = YES_ERROR;
				CLANG_WARN_DOCUMENTATION_COMMENTS = YES;
				CLANG_WARN_EMPTY_BODY = YES;
				CLANG_WARN_ENUM_CONVERSION = YES;
				CLANG_WARN_INFINITE_RECURSION = YES;
				CLANG_WARN_INT_CONVERSION = YES;
				CLANG_WARN_OBJC_ROOT_CLASS = YES_ERROR;
				CLANG_WARN_SUSPICIOUS_MOVES = YES;
				CLANG_WARN_UNREACHABLE_CODE = YES;
				CLANG_WARN__DUPLICATE_METHOD_MATCH = YES;
				"CODE_SIGN_IDENTITY[sdk=iphoneos*]" = "iPhone Developer";
				COPY_PHASE_STRIP = NO;
				DEBUG_INFORMATION_FORMAT = dwarf;
				ENABLE_STRICT_OBJC_MSGSEND = YES;
				ENABLE_TESTABILITY = YES;
				GCC_C_LANGUAGE_STANDARD = gnu99;
				GCC_DYNAMIC_NO_PIC = NO;
				GCC_NO_COMMON_BLOCKS = YES;
				GCC_OPTIMIZATION_LEVEL = 0;
				GCC_PREPROCESSOR_DEFINITIONS = (
					"DEBUG=1",
					"$(inherited)",
				);
				GCC_WARN_64_TO_32_BIT_CONVERSION = YES;
				GCC_WARN_ABOUT_RETURN_TYPE = YES_ERROR;
				GCC_WARN_UNDECLARED_SELECTOR = YES;
				GCC_WARN_UNINITIALIZED_AUTOS = YES_AGGRESSIVE;
				GCC_WARN_UNUSED_FUNCTION = YES;
				GCC_WARN_UNUSED_VARIABLE = YES;
				IPHONEOS_DEPLOYMENT_TARGET = 10.1;
				MTL_ENABLE_DEBUG_INFO = YES;
				ONLY_ACTIVE_ARCH = YES;
				SDKROOT = iphoneos;
				SWIFT_ACTIVE_COMPILATION_CONDITIONS = DEBUG;
				SWIFT_OPTIMIZATION_LEVEL = "-Onone";
				TARGETED_DEVICE_FAMILY = "1,2";
			};
			name = Debug;
		};
		045FF4881E00E69D00572377 /* Release */ = {
			isa = XCBuildConfiguration;
			buildSettings = {
				ALWAYS_SEARCH_USER_PATHS = NO;
				CLANG_ANALYZER_NONNULL = YES;
				CLANG_CXX_LANGUAGE_STANDARD = "gnu++0x";
				CLANG_CXX_LIBRARY = "libc++";
				CLANG_ENABLE_MODULES = YES;
				CLANG_ENABLE_OBJC_ARC = YES;
				CLANG_WARN_BOOL_CONVERSION = YES;
				CLANG_WARN_CONSTANT_CONVERSION = YES;
				CLANG_WARN_DIRECT_OBJC_ISA_USAGE = YES_ERROR;
				CLANG_WARN_DOCUMENTATION_COMMENTS = YES;
				CLANG_WARN_EMPTY_BODY = YES;
				CLANG_WARN_ENUM_CONVERSION = YES;
				CLANG_WARN_INFINITE_RECURSION = YES;
				CLANG_WARN_INT_CONVERSION = YES;
				CLANG_WARN_OBJC_ROOT_CLASS = YES_ERROR;
				CLANG_WARN_SUSPICIOUS_MOVES = YES;
				CLANG_WARN_UNREACHABLE_CODE = YES;
				CLANG_WARN__DUPLICATE_METHOD_MATCH = YES;
				"CODE_SIGN_IDENTITY[sdk=iphoneos*]" = "iPhone Developer";
				COPY_PHASE_STRIP = NO;
				DEBUG_INFORMATION_FORMAT = "dwarf-with-dsym";
				ENABLE_NS_ASSERTIONS = NO;
				ENABLE_STRICT_OBJC_MSGSEND = YES;
				GCC_C_LANGUAGE_STANDARD = gnu99;
				GCC_NO_COMMON_BLOCKS = YES;
				GCC_WARN_64_TO_32_BIT_CONVERSION = YES;
				GCC_WARN_ABOUT_RETURN_TYPE = YES_ERROR;
				GCC_WARN_UNDECLARED_SELECTOR = YES;
				GCC_WARN_UNINITIALIZED_AUTOS = YES_AGGRESSIVE;
				GCC_WARN_UNUSED_FUNCTION = YES;
				GCC_WARN_UNUSED_VARIABLE = YES;
				IPHONEOS_DEPLOYMENT_TARGET = 10.1;
				MTL_ENABLE_DEBUG_INFO = NO;
				SDKROOT = iphoneos;
				SWIFT_OPTIMIZATION_LEVEL = "-Owholemodule";
				TARGETED_DEVICE_FAMILY = "1,2";
				VALIDATE_PRODUCT = YES;
			};
			name = Release;
		};
		045FF48A1E00E69D00572377 /* Debug */ = {
			isa = XCBuildConfiguration;
			buildSettings = {
				ASSETCATALOG_COMPILER_APPICON_NAME = AppIcon;
				INFOPLIST_FILE = TestWebView/Info.plist;
				LD_RUNPATH_SEARCH_PATHS = "$(inherited) @executable_path/Frameworks";
				PRODUCT_BUNDLE_IDENTIFIER = Army.TestWebView;
				PRODUCT_NAME = "$(TARGET_NAME)";
				SWIFT_VERSION = 3.0;
			};
			name = Debug;
		};
		045FF48B1E00E69D00572377 /* Release */ = {
			isa = XCBuildConfiguration;
			buildSettings = {
				ASSETCATALOG_COMPILER_APPICON_NAME = AppIcon;
				INFOPLIST_FILE = TestWebView/Info.plist;
				LD_RUNPATH_SEARCH_PATHS = "$(inherited) @executable_path/Frameworks";
				PRODUCT_BUNDLE_IDENTIFIER = Army.TestWebView;
				PRODUCT_NAME = "$(TARGET_NAME)";
				SWIFT_VERSION = 3.0;
			};
			name = Release;
		};
		045FF48D1E00E69D00572377 /* Debug */ = {
			isa = XCBuildConfiguration;
			buildSettings = {
				ALWAYS_EMBED_SWIFT_STANDARD_LIBRARIES = YES;
				BUNDLE_LOADER = "$(TEST_HOST)";
				INFOPLIST_FILE = TestWebViewTests/Info.plist;
				LD_RUNPATH_SEARCH_PATHS = "$(inherited) @executable_path/Frameworks @loader_path/Frameworks";
				PRODUCT_BUNDLE_IDENTIFIER = Army.TestWebViewTests;
				PRODUCT_NAME = "$(TARGET_NAME)";
				SWIFT_VERSION = 3.0;
				TEST_HOST = "$(BUILT_PRODUCTS_DIR)/TestWebView.app/TestWebView";
			};
			name = Debug;
		};
		045FF48E1E00E69D00572377 /* Release */ = {
			isa = XCBuildConfiguration;
			buildSettings = {
				ALWAYS_EMBED_SWIFT_STANDARD_LIBRARIES = YES;
				BUNDLE_LOADER = "$(TEST_HOST)";
				INFOPLIST_FILE = TestWebViewTests/Info.plist;
				LD_RUNPATH_SEARCH_PATHS = "$(inherited) @executable_path/Frameworks @loader_path/Frameworks";
				PRODUCT_BUNDLE_IDENTIFIER = Army.TestWebViewTests;
				PRODUCT_NAME = "$(TARGET_NAME)";
				SWIFT_VERSION = 3.0;
				TEST_HOST = "$(BUILT_PRODUCTS_DIR)/TestWebView.app/TestWebView";
			};
			name = Release;
		};
		045FF4901E00E69D00572377 /* Debug */ = {
			isa = XCBuildConfiguration;
			buildSettings = {
				ALWAYS_EMBED_SWIFT_STANDARD_LIBRARIES = YES;
				INFOPLIST_FILE = TestWebViewUITests/Info.plist;
				LD_RUNPATH_SEARCH_PATHS = "$(inherited) @executable_path/Frameworks @loader_path/Frameworks";
				PRODUCT_BUNDLE_IDENTIFIER = Army.TestWebViewUITests;
				PRODUCT_NAME = "$(TARGET_NAME)";
				SWIFT_VERSION = 3.0;
				TEST_TARGET_NAME = TestWebView;
			};
			name = Debug;
		};
		045FF4911E00E69D00572377 /* Release */ = {
			isa = XCBuildConfiguration;
			buildSettings = {
				ALWAYS_EMBED_SWIFT_STANDARD_LIBRARIES = YES;
				INFOPLIST_FILE = TestWebViewUITests/Info.plist;
				LD_RUNPATH_SEARCH_PATHS = "$(inherited) @executable_path/Frameworks @loader_path/Frameworks";
				PRODUCT_BUNDLE_IDENTIFIER = Army.TestWebViewUITests;
				PRODUCT_NAME = "$(TARGET_NAME)";
				SWIFT_VERSION = 3.0;
				TEST_TARGET_NAME = TestWebView;
			};
			name = Release;
		};
/* End XCBuildConfiguration section */

/* Begin XCConfigurationList section */
		045FF45C1E00E69D00572377 /* Build configuration list for PBXProject "TestWebView" */ = {
			isa = XCConfigurationList;
			buildConfigurations = (
				045FF4871E00E69D00572377 /* Debug */,
				045FF4881E00E69D00572377 /* Release */,
			);
			defaultConfigurationIsVisible = 0;
			defaultConfigurationName = Release;
		};
		045FF4891E00E69D00572377 /* Build configuration list for PBXNativeTarget "TestWebView" */ = {
			isa = XCConfigurationList;
			buildConfigurations = (
				045FF48A1E00E69D00572377 /* Debug */,
				045FF48B1E00E69D00572377 /* Release */,
			);
			defaultConfigurationIsVisible = 0;
		};
		045FF48C1E00E69D00572377 /* Build configuration list for PBXNativeTarget "TestWebViewTests" */ = {
			isa = XCConfigurationList;
			buildConfigurations = (
				045FF48D1E00E69D00572377 /* Debug */,
				045FF48E1E00E69D00572377 /* Release */,
			);
			defaultConfigurationIsVisible = 0;
		};
		045FF48F1E00E69D00572377 /* Build configuration list for PBXNativeTarget "TestWebViewUITests" */ = {
			isa = XCConfigurationList;
			buildConfigurations = (
				045FF4901E00E69D00572377 /* Debug */,
				045FF4911E00E69D00572377 /* Release */,
			);
			defaultConfigurationIsVisible = 0;
		};
/* End XCConfigurationList section */
	};
	rootObject = 045FF4591E00E69D00572377 /* Project object */;
}
